{
  "requires": true,
  "lockfileVersion": 1,
  "dependencies": {
    "@popperjs/core": {
      "version": "2.1.0",
      "resolved": "https://registry.npmjs.org/@popperjs/core/-/core-2.1.0.tgz",
      "integrity": "sha512-ntN5t5spqhQv28cLfmmt1dYabsudzR5A7PU15gr/gzcT/gzqAOnYFQPaLPFraDa7ZCJG2eJ1JsO7pgXbYXGIrw=="
    }
  }
}
